
Microsoft Visual Studio Solution File, Format Version 12.00
# Visual Studio 14
VisualStudioVersion = 14.0.23107.0
MinimumVisualStudioVersion = 10.0.40219.1
Project("{FAE04EC0-301F-11D3-BF4B-00C04F79EFBC}") = "TheProjectGame.GameMaster", "src\TheProjectGame.GameMaster\TheProjectGame.GameMaster.csproj", "{D94B8329-B008-4548-9285-CC34DFD7D53C}"
EndProject
Project("{FAE04EC0-301F-11D3-BF4B-00C04F79EFBC}") = "TheProjectGame.CommunicationServer", "src\TheProjectGame.CommunicationServer\TheProjectGame.CommunicationServer.csproj", "{FF70C77E-4629-4E20-B9C2-DB1F142C99B9}"
EndProject
Project("{2150E333-8FDC-42A3-9474-1A3956D46DE8}") = "Common", "Common", "{D37CCD43-553C-41ED-85E3-A94BC6FDBE68}"
EndProject
Project("{FAE04EC0-301F-11D3-BF4B-00C04F79EFBC}") = "TheProjectGame.Contracts", "src\TheProjectGame.Contracts\TheProjectGame.Contracts.csproj", "{F91C87F2-0417-4882-8312-C2F8CA3590CF}"
EndProject
Project("{FAE04EC0-301F-11D3-BF4B-00C04F79EFBC}") = "TheProjectGame.Network", "src\TheProjectGame.Network\TheProjectGame.Network.csproj", "{859953A6-2013-4E67-909A-9D7DF5A2CADA}"
EndProject
Project("{2150E333-8FDC-42A3-9474-1A3956D46DE8}") = "Tests", "Tests", "{5F917850-F82F-4563-94BF-9807E85B6CCF}"
EndProject
Project("{FAE04EC0-301F-11D3-BF4B-00C04F79EFBC}") = "TheProjectGame.Settings", "src\TheProjectGame.Settings\TheProjectGame.Settings.csproj", "{0337F899-985C-4950-AFCE-C7B7CFA48311}"
EndProject
Project("{FAE04EC0-301F-11D3-BF4B-00C04F79EFBC}") = "TheProjectGame.Player", "src\TheProjectGame.Player\TheProjectGame.Player.csproj", "{1AF9BB34-4BC9-495E-91BC-28C08390988F}"
EndProject
Project("{FAE04EC0-301F-11D3-BF4B-00C04F79EFBC}") = "TheProjectGame.Client", "src\TheProjectGame.Client\TheProjectGame.Client.csproj", "{552A6FE0-6B18-4499-94D1-4ADBC1303168}"
EndProject
Project("{FAE04EC0-301F-11D3-BF4B-00C04F79EFBC}") = "TheProjectGame.Messaging", "src\TheProjectGame.Messaging\TheProjectGame.Messaging.csproj", "{EDA1F6BB-A74B-4678-B070-89B3FCCA10E0}"
EndProject
Project("{FAE04EC0-301F-11D3-BF4B-00C04F79EFBC}") = "TheProjectGame.Messaging.Tests", "test\TheProjectGame.Messaging.Tests\TheProjectGame.Messaging.Tests.csproj", "{8C9064A6-AB90-463B-9D9C-A8D7D539070A}"
EndProject
Project("{FAE04EC0-301F-11D3-BF4B-00C04F79EFBC}") = "TheProjectGame.Settings.Tests", "test\TheProjectGame.Settings.Tests\TheProjectGame.Settings.Tests.csproj", "{BF1504DD-68E0-463B-AAA0-81461DED5B86}"
EndProject
Project("{FAE04EC0-301F-11D3-BF4B-00C04F79EFBC}") = "TheProjectGame.CommunicationServer.Tests", "test\TheProjectGame.CommunicationServer.Tests\TheProjectGame.CommunicationServer.Tests.csproj", "{C2B864E7-F3A8-47F8-A3D8-A86711EB233E}"
EndProject
Project("{FAE04EC0-301F-11D3-BF4B-00C04F79EFBC}") = "TheProjectGame.Player.Tests", "test\TheProjectGame.Player.Tests\TheProjectGame.Player.Tests.csproj", "{84D5AD8E-6EB2-44DE-94A7-054FCF65AE08}"
EndProject
Project("{FAE04EC0-301F-11D3-BF4B-00C04F79EFBC}") = "TheProjectGame.GameMaster.Tests", "test\TheProjectGame.GameMaster.Tests\TheProjectGame.GameMaster.Tests.csproj", "{9049BC38-DA68-4507-9CA5-07905E08A3F0}"
EndProject
Project("{FAE04EC0-301F-11D3-BF4B-00C04F79EFBC}") = "TheProjectGame.IntegrationTests", "test\TheProjectGame.IntegrationTests\TheProjectGame.IntegrationTests.csproj", "{3404D6F4-0910-4865-B1D3-3AED111CF3AE}"
EndProject
Project("{FAE04EC0-301F-11D3-BF4B-00C04F79EFBC}") = "TheProjectGame.Game", "src\TheProjectGame.Game\TheProjectGame.Game.csproj", "{7FE25049-8897-40DE-8B95-8CF4B7D8032E}"
EndProject
Project("{FAE04EC0-301F-11D3-BF4B-00C04F79EFBC}") = "TheProjectGame.GameMaster.Display", "src\TheProjectGame.GameMaster.Display\TheProjectGame.GameMaster.Display.csproj", "{3F5EDBF5-64F1-4C28-B5F3-8D3EF509C3B0}"
EndProject
Global
	GlobalSection(SolutionConfigurationPlatforms) = preSolution
		Debug|Any CPU = Debug|Any CPU
		Release|Any CPU = Release|Any CPU
	EndGlobalSection
	GlobalSection(ProjectConfigurationPlatforms) = postSolution
		{D94B8329-B008-4548-9285-CC34DFD7D53C}.Debug|Any CPU.ActiveCfg = Debug|Any CPU
		{D94B8329-B008-4548-9285-CC34DFD7D53C}.Debug|Any CPU.Build.0 = Debug|Any CPU
		{D94B8329-B008-4548-9285-CC34DFD7D53C}.Release|Any CPU.ActiveCfg = Release|Any CPU
		{D94B8329-B008-4548-9285-CC34DFD7D53C}.Release|Any CPU.Build.0 = Release|Any CPU
		{FF70C77E-4629-4E20-B9C2-DB1F142C99B9}.Debug|Any CPU.ActiveCfg = Debug|Any CPU
		{FF70C77E-4629-4E20-B9C2-DB1F142C99B9}.Debug|Any CPU.Build.0 = Debug|Any CPU
		{FF70C77E-4629-4E20-B9C2-DB1F142C99B9}.Release|Any CPU.ActiveCfg = Release|Any CPU
		{FF70C77E-4629-4E20-B9C2-DB1F142C99B9}.Release|Any CPU.Build.0 = Release|Any CPU
		{F91C87F2-0417-4882-8312-C2F8CA3590CF}.Debug|Any CPU.ActiveCfg = Debug|Any CPU
		{F91C87F2-0417-4882-8312-C2F8CA3590CF}.Debug|Any CPU.Build.0 = Debug|Any CPU
		{F91C87F2-0417-4882-8312-C2F8CA3590CF}.Release|Any CPU.ActiveCfg = Release|Any CPU
		{F91C87F2-0417-4882-8312-C2F8CA3590CF}.Release|Any CPU.Build.0 = Release|Any CPU
		{859953A6-2013-4E67-909A-9D7DF5A2CADA}.Debug|Any CPU.ActiveCfg = Debug|Any CPU
		{859953A6-2013-4E67-909A-9D7DF5A2CADA}.Debug|Any CPU.Build.0 = Debug|Any CPU
		{859953A6-2013-4E67-909A-9D7DF5A2CADA}.Release|Any CPU.ActiveCfg = Release|Any CPU
		{859953A6-2013-4E67-909A-9D7DF5A2CADA}.Release|Any CPU.Build.0 = Release|Any CPU
		{0337F899-985C-4950-AFCE-C7B7CFA48311}.Debug|Any CPU.ActiveCfg = Debug|Any CPU
		{0337F899-985C-4950-AFCE-C7B7CFA48311}.Debug|Any CPU.Build.0 = Debug|Any CPU
		{0337F899-985C-4950-AFCE-C7B7CFA48311}.Release|Any CPU.ActiveCfg = Release|Any CPU
		{0337F899-985C-4950-AFCE-C7B7CFA48311}.Release|Any CPU.Build.0 = Release|Any CPU
		{1AF9BB34-4BC9-495E-91BC-28C08390988F}.Debug|Any CPU.ActiveCfg = Debug|Any CPU
		{1AF9BB34-4BC9-495E-91BC-28C08390988F}.Debug|Any CPU.Build.0 = Debug|Any CPU
		{1AF9BB34-4BC9-495E-91BC-28C08390988F}.Release|Any CPU.ActiveCfg = Release|Any CPU
		{1AF9BB34-4BC9-495E-91BC-28C08390988F}.Release|Any CPU.Build.0 = Release|Any CPU
		{552A6FE0-6B18-4499-94D1-4ADBC1303168}.Debug|Any CPU.ActiveCfg = Debug|Any CPU
		{552A6FE0-6B18-4499-94D1-4ADBC1303168}.Debug|Any CPU.Build.0 = Debug|Any CPU
		{552A6FE0-6B18-4499-94D1-4ADBC1303168}.Release|Any CPU.ActiveCfg = Release|Any CPU
		{552A6FE0-6B18-4499-94D1-4ADBC1303168}.Release|Any CPU.Build.0 = Release|Any CPU
		{EDA1F6BB-A74B-4678-B070-89B3FCCA10E0}.Debug|Any CPU.ActiveCfg = Debug|Any CPU
		{EDA1F6BB-A74B-4678-B070-89B3FCCA10E0}.Debug|Any CPU.Build.0 = Debug|Any CPU
		{EDA1F6BB-A74B-4678-B070-89B3FCCA10E0}.Release|Any CPU.ActiveCfg = Release|Any CPU
		{EDA1F6BB-A74B-4678-B070-89B3FCCA10E0}.Release|Any CPU.Build.0 = Release|Any CPU
		{8C9064A6-AB90-463B-9D9C-A8D7D539070A}.Debug|Any CPU.ActiveCfg = Debug|Any CPU
		{8C9064A6-AB90-463B-9D9C-A8D7D539070A}.Debug|Any CPU.Build.0 = Debug|Any CPU
		{8C9064A6-AB90-463B-9D9C-A8D7D539070A}.Release|Any CPU.ActiveCfg = Release|Any CPU
		{8C9064A6-AB90-463B-9D9C-A8D7D539070A}.Release|Any CPU.Build.0 = Release|Any CPU
		{BF1504DD-68E0-463B-AAA0-81461DED5B86}.Debug|Any CPU.ActiveCfg = Debug|Any CPU
		{BF1504DD-68E0-463B-AAA0-81461DED5B86}.Debug|Any CPU.Build.0 = Debug|Any CPU
		{BF1504DD-68E0-463B-AAA0-81461DED5B86}.Release|Any CPU.ActiveCfg = Release|Any CPU
		{BF1504DD-68E0-463B-AAA0-81461DED5B86}.Release|Any CPU.Build.0 = Release|Any CPU
		{C2B864E7-F3A8-47F8-A3D8-A86711EB233E}.Debug|Any CPU.ActiveCfg = Debug|Any CPU
		{C2B864E7-F3A8-47F8-A3D8-A86711EB233E}.Debug|Any CPU.Build.0 = Debug|Any CPU
		{C2B864E7-F3A8-47F8-A3D8-A86711EB233E}.Release|Any CPU.ActiveCfg = Release|Any CPU
		{C2B864E7-F3A8-47F8-A3D8-A86711EB233E}.Release|Any CPU.Build.0 = Release|Any CPU
		{84D5AD8E-6EB2-44DE-94A7-054FCF65AE08}.Debug|Any CPU.ActiveCfg = Debug|Any CPU
		{84D5AD8E-6EB2-44DE-94A7-054FCF65AE08}.Debug|Any CPU.Build.0 = Debug|Any CPU
		{84D5AD8E-6EB2-44DE-94A7-054FCF65AE08}.Release|Any CPU.ActiveCfg = Release|Any CPU
		{84D5AD8E-6EB2-44DE-94A7-054FCF65AE08}.Release|Any CPU.Build.0 = Release|Any CPU
		{9049BC38-DA68-4507-9CA5-07905E08A3F0}.Debug|Any CPU.ActiveCfg = Debug|Any CPU
		{9049BC38-DA68-4507-9CA5-07905E08A3F0}.Debug|Any CPU.Build.0 = Debug|Any CPU
		{9049BC38-DA68-4507-9CA5-07905E08A3F0}.Release|Any CPU.ActiveCfg = Release|Any CPU
		{9049BC38-DA68-4507-9CA5-07905E08A3F0}.Release|Any CPU.Build.0 = Release|Any CPU
		{3404D6F4-0910-4865-B1D3-3AED111CF3AE}.Debug|Any CPU.ActiveCfg = Debug|Any CPU
		{3404D6F4-0910-4865-B1D3-3AED111CF3AE}.Debug|Any CPU.Build.0 = Debug|Any CPU
		{3404D6F4-0910-4865-B1D3-3AED111CF3AE}.Release|Any CPU.ActiveCfg = Release|Any CPU
		{3404D6F4-0910-4865-B1D3-3AED111CF3AE}.Release|Any CPU.Build.0 = Release|Any CPU
		{7FE25049-8897-40DE-8B95-8CF4B7D8032E}.Debug|Any CPU.ActiveCfg = Debug|Any CPU
		{7FE25049-8897-40DE-8B95-8CF4B7D8032E}.Debug|Any CPU.Build.0 = Debug|Any CPU
		{7FE25049-8897-40DE-8B95-8CF4B7D8032E}.Release|Any CPU.ActiveCfg = Release|Any CPU
		{7FE25049-8897-40DE-8B95-8CF4B7D8032E}.Release|Any CPU.Build.0 = Release|Any CPU
		{3F5EDBF5-64F1-4C28-B5F3-8D3EF509C3B0}.Debug|Any CPU.ActiveCfg = Debug|Any CPU
		{3F5EDBF5-64F1-4C28-B5F3-8D3EF509C3B0}.Debug|Any CPU.Build.0 = Debug|Any CPU
		{3F5EDBF5-64F1-4C28-B5F3-8D3EF509C3B0}.Release|Any CPU.ActiveCfg = Release|Any CPU
		{3F5EDBF5-64F1-4C28-B5F3-8D3EF509C3B0}.Release|Any CPU.Build.0 = Release|Any CPU
	EndGlobalSection
	GlobalSection(SolutionProperties) = preSolution
		HideSolutionNode = FALSE
	EndGlobalSection
	GlobalSection(NestedProjects) = preSolution
		{F91C87F2-0417-4882-8312-C2F8CA3590CF} = {D37CCD43-553C-41ED-85E3-A94BC6FDBE68}
		{859953A6-2013-4E67-909A-9D7DF5A2CADA} = {D37CCD43-553C-41ED-85E3-A94BC6FDBE68}
		{0337F899-985C-4950-AFCE-C7B7CFA48311} = {D37CCD43-553C-41ED-85E3-A94BC6FDBE68}
		{552A6FE0-6B18-4499-94D1-4ADBC1303168} = {D37CCD43-553C-41ED-85E3-A94BC6FDBE68}
		{EDA1F6BB-A74B-4678-B070-89B3FCCA10E0} = {D37CCD43-553C-41ED-85E3-A94BC6FDBE68}
		{8C9064A6-AB90-463B-9D9C-A8D7D539070A} = {5F917850-F82F-4563-94BF-9807E85B6CCF}
		{BF1504DD-68E0-463B-AAA0-81461DED5B86} = {5F917850-F82F-4563-94BF-9807E85B6CCF}
		{C2B864E7-F3A8-47F8-A3D8-A86711EB233E} = {5F917850-F82F-4563-94BF-9807E85B6CCF}
		{84D5AD8E-6EB2-44DE-94A7-054FCF65AE08} = {5F917850-F82F-4563-94BF-9807E85B6CCF}
		{9049BC38-DA68-4507-9CA5-07905E08A3F0} = {5F917850-F82F-4563-94BF-9807E85B6CCF}
		{3404D6F4-0910-4865-B1D3-3AED111CF3AE} = {5F917850-F82F-4563-94BF-9807E85B6CCF}
		{7FE25049-8897-40DE-8B95-8CF4B7D8032E} = {D37CCD43-553C-41ED-85E3-A94BC6FDBE68}
	EndGlobalSection
EndGlobal
